
Microsoft Visual Studio Solution File, Format Version 12.00
# Visual Studio 15
VisualStudioVersion = 15.0.27130.2027
MinimumVisualStudioVersion = 10.0.40219.1
Project("{FAE04EC0-301F-11D3-BF4B-00C04F79EFBC}") = "JellyDust", "JellyDust\JellyDust.csproj", "{A710B199-928E-4EC7-BA3D-FFFE28E9BD34}"
EndProject
Global
	GlobalSection(SolutionConfigurationPlatforms) = preSolution
		Debug|Any CPU = Debug|Any CPU
		Release|Any CPU = Release|Any CPU
	EndGlobalSection
	GlobalSection(ProjectConfigurationPlatforms) = postSolution
		{A710B199-928E-4EC7-BA3D-FFFE28E9BD34}.Debug|Any CPU.ActiveCfg = Debug|Any CPU
		{A710B199-928E-4EC7-BA3D-FFFE28E9BD34}.Debug|Any CPU.Build.0 = Debug|Any CPU
		{A710B199-928E-4EC7-BA3D-FFFE28E9BD34}.Release|Any CPU.ActiveCfg = Release|Any CPU
		{A710B199-928E-4EC7-BA3D-FFFE28E9BD34}.Release|Any CPU.Build.0 = Release|Any CPU
	EndGlobalSection
	GlobalSection(SolutionProperties) = preSolution
		HideSolutionNode = FALSE
	EndGlobalSection
	GlobalSection(ExtensibilityGlobals) = postSolution
		SolutionGuid = {17286823-98A3-4869-A0BC-0D518974137D}
	EndGlobalSection
EndGlobal
